{
    "hash": "0a3464b8597483b7b0d475f06cf4b69e",
    "packages": [
        {
            "package": "doctrine/common",
            "version": "2.3.x-dev",
            "source-reference": "605b1b8b5a7bc8daf9111fb35483e5708e30de35",
            "commit-date": "1346249247"
        },
        {
            "package": "doctrine/data-fixtures",
            "version": "dev-master",
            "source-reference": "779c3dfe446b6da893be87b908d6be28345d1e01",
            "commit-date": "1341780535"
        },
        {
            "package": "doctrine/dbal",
            "version": "2.3.x-dev",
            "source-reference": "239630b61f03f39d198441eced1bfffb7b0e61d1",
            "commit-date": "1346866589"
        },
        {
            "package": "doctrine/doctrine-bundle",
            "version": "dev-master",
            "alias-pretty-version": "1.0.x-dev",
            "alias-version": "1.0.9999999.9999999-dev"
        },
        {
            "package": "doctrine/doctrine-bundle",
            "version": "dev-master",
            "source-reference": "d3c930599723c8343472a5791b0f5909a4111a73",
            "commit-date": "1347289964"
        },
        {
            "package": "doctrine/doctrine-fixtures-bundle",
            "version": "dev-master",
            "source-reference": "186d605aa6b592bd577e07e0e9a2c420b02b2492",
            "commit-date": "1345465418"
        },
        {
            "package": "doctrine/phpcr-bundle",
            "version": "dev-master",
            "alias-pretty-version": "1.0.x-dev",
            "alias-version": "1.0.9999999.9999999-dev"
        },
        {
            "package": "doctrine/phpcr-bundle",
            "version": "dev-master",
            "source-reference": "52b6c834f89a052b8d1baf3fcbb1e1b1bb27a3b2",
            "commit-date": "1347545412"
        },
        {
            "package": "doctrine/phpcr-odm",
            "version": "dev-master",
            "alias-pretty-version": "1.0.x-dev",
            "alias-version": "1.0.9999999.9999999-dev"
        },
        {
            "package": "doctrine/phpcr-odm",
            "version": "dev-master",
            "source-reference": "6eb21890f8e38aa93f371b9d22909accb5c535a8",
            "commit-date": "1347541733"
        },
        {
            "package": "friendsofsymfony/jsrouting-bundle",
            "version": "dev-master",
            "source-reference": "f1a19530756d9614e5ab58a509587b1dd0f3f826",
            "commit-date": "1346400455"
        },
        {
            "package": "jackalope/jackalope",
            "version": "dev-master",
            "alias-pretty-version": "1.0.x-dev",
            "alias-version": "1.0.9999999.9999999-dev"
        },
        {
            "package": "jackalope/jackalope",
            "version": "dev-master",
            "source-reference": "f3974f7e678795e4398505ae28416327ad884f1a",
            "commit-date": "1347451280"
        },
        {
            "package": "jackalope/jackalope-doctrine-dbal",
            "version": "dev-master",
            "source-reference": "4bc27cf54dee7cbd750b87aecc5d251f9ec4fee3",
            "commit-date": "1347492885"
        },
        {
            "package": "knplabs/knp-menu",
            "version": "1.1.x-dev",
            "source-reference": "v1.1.2",
            "commit-date": "1339345240"
        },
        {
            "package": "knplabs/knp-menu-bundle",
            "version": "v1.1.0"
        },
        {
            "package": "liip/doctrine-cache-bundle",
            "version": "dev-master",
            "source-reference": "4316a26fac90d2134379a8d0e0feea62f9c543cc",
            "commit-date": "1347494897"
        },
        {
            "package": "liip/functional-test-bundle",
            "version": "dev-master",
            "source-reference": "31d286f84c29d3d415c757fd4943342b88538c68",
            "commit-date": "1347124645"
        },
        {
            "package": "lunetics/locale-bundle",
            "version": "dev-master",
            "source-reference": "fff389afecb07c8c2ad0717d9cc936077101a60b",
            "commit-date": "1346024588"
        },
        {
            "package": "monolog/monolog",
            "version": "dev-master",
            "alias-pretty-version": "1.3.x-dev",
            "alias-version": "1.3.9999999.9999999-dev"
        },
        {
            "package": "monolog/monolog",
            "version": "dev-master",
            "source-reference": "0f3dc95c4a0ed7d17bec237d07af3da6c0c1071a",
            "commit-date": "1347363321"
        },
        {
            "package": "phpcr/phpcr",
            "version": "dev-master",
            "source-reference": "2.1.0-beta5",
            "commit-date": "1347448804"
        },
        {
            "package": "phpcr/phpcr-utils",
            "version": "dev-master",
            "source-reference": "402b1ea0835c123aea267f35d54ab5c5f4b8bc4c",
            "commit-date": "1347451158"
        },
        {
            "package": "sensio/distribution-bundle",
            "version": "2.1.x-dev",
            "source-reference": "2eee3cb4cd761c851f0d766649fb9ff6f4c97002",
            "commit-date": "1347340208"
        },
        {
            "package": "sonata-project/admin-bundle",
            "version": "dev-master",
            "source-reference": "20d5e4a659bddb5fc0bcfc4755643dbc4e3f7ec1",
            "commit-date": "1346456918"
        },
        {
            "package": "sonata-project/block-bundle",
            "version": "dev-master",
            "source-reference": "61c35f215da477337b268840d193ead564f09881",
            "commit-date": "1346371058"
        },
        {
            "package": "sonata-project/cache-bundle",
            "version": "dev-master",
            "source-reference": "0f339c37e19d8cce728e74ee9da34a9e51d54a11",
            "commit-date": "1346968445"
        },
        {
            "package": "sonata-project/exporter",
            "version": "dev-master",
            "source-reference": "75174b5a41f1014ecb4b4810a518f036b830d862",
            "commit-date": "1346967589"
        },
        {
            "package": "sonata-project/jquery-bundle",
            "version": "dev-master",
            "source-reference": "5f87a761302e6c78304e071416f75d41eb1fb3c2",
            "commit-date": "1346283282"
        },
        {
            "package": "symfony-cmf/block-bundle",
            "version": "dev-master",
            "alias-pretty-version": "1.0.x-dev",
            "alias-version": "1.0.9999999.9999999-dev"
        },
        {
            "package": "symfony-cmf/block-bundle",
            "version": "dev-master",
            "source-reference": "37c7c0e401ec459de5c49655ef5d4b7a8522f84b",
            "commit-date": "1346066210"
        },
        {
            "package": "symfony-cmf/content-bundle",
            "version": "dev-master",
            "alias-pretty-version": "1.0.x-dev",
            "alias-version": "1.0.9999999.9999999-dev"
        },
        {
            "package": "symfony-cmf/content-bundle",
            "version": "dev-master",
            "source-reference": "2da53815ee1da6445aa5f12a3e58433aa70745ad",
            "commit-date": "1346338787"
        },
        {
            "package": "symfony-cmf/core-bundle",
            "version": "dev-master",
            "alias-pretty-version": "1.0.x-dev",
            "alias-version": "1.0.9999999.9999999-dev"
        },
        {
            "package": "symfony-cmf/core-bundle",
            "version": "dev-master",
            "source-reference": "4764764deee5011d117c0fed499c198b8799b016",
            "commit-date": "1345123561"
        },
        {
            "package": "symfony-cmf/menu-bundle",
            "version": "dev-master",
            "alias-pretty-version": "1.0.x-dev",
            "alias-version": "1.0.9999999.9999999-dev"
        },
        {
            "package": "symfony-cmf/menu-bundle",
            "version": "dev-master",
            "source-reference": "4ffb1f02007b0619d23678202de7a5bb581f06ea",
            "commit-date": "1347280551"
        },
        {
            "package": "symfony-cmf/multilang-content-bundle",
            "version": "dev-master",
            "alias-pretty-version": "1.0.x-dev",
            "alias-version": "1.0.9999999.9999999-dev"
        },
        {
            "package": "symfony-cmf/multilang-content-bundle",
            "version": "dev-master",
            "source-reference": "2e8c4cae1246110ea7dc668df93a4f1776b75736",
            "commit-date": "1347353538"
        },
        {
            "package": "symfony-cmf/routing",
            "version": "dev-master",
            "alias-pretty-version": "1.0.x-dev",
            "alias-version": "1.0.9999999.9999999-dev"
        },
        {
            "package": "symfony-cmf/routing",
            "version": "dev-master",
            "source-reference": "85f49287e94a38d3e93ecb74de83ec877da53147",
            "commit-date": "1347270093"
        },
        {
            "package": "symfony-cmf/routing-extra-bundle",
            "version": "dev-master",
            "alias-pretty-version": "1.0.x-dev",
            "alias-version": "1.0.9999999.9999999-dev"
        },
        {
            "package": "symfony-cmf/routing-extra-bundle",
            "version": "dev-master",
            "source-reference": "a4ad348c4501f606941dd4a780f6c87e6fd6c462",
            "commit-date": "1347287850"
        },
        {
            "package": "symfony-cmf/simple-cms-bundle",
            "version": "dev-master",
            "alias-pretty-version": "1.0.x-dev",
            "alias-version": "1.0.9999999.9999999-dev"
        },
        {
            "package": "symfony-cmf/simple-cms-bundle",
            "version": "dev-master",
            "source-reference": "7dbc51e13a644fc62ca2f7d90d6b1e7267562596",
            "commit-date": "1347288474"
        },
        {
            "package": "symfony-cmf/symfony-cmf",
            "version": "dev-master",
            "alias-pretty-version": "1.0.x-dev",
            "alias-version": "1.0.9999999.9999999-dev"
        },
        {
            "package": "symfony-cmf/symfony-cmf",
            "version": "dev-master",
            "source-reference": "13a5ffe8999758d245464f979752ca3ba1b39504",
            "commit-date": "1339053579"
        },
        {
            "package": "symfony-cmf/tree-browser-bundle",
            "version": "dev-master",
            "alias-pretty-version": "1.0.x-dev",
            "alias-version": "1.0.9999999.9999999-dev"
        },
        {
            "package": "symfony-cmf/tree-browser-bundle",
            "version": "dev-master",
            "source-reference": "a0027eac630562e13b452fa131c1f2441736b942",
            "commit-date": "1347291394"
        },
        {
            "package": "symfony-cmf/tree-bundle",
            "version": "dev-master",
            "alias-pretty-version": "1.0.x-dev",
            "alias-version": "1.0.9999999.9999999-dev"
        },
        {
            "package": "symfony-cmf/tree-bundle",
            "version": "dev-master",
            "source-reference": "1.0.0-alpha1",
            "commit-date": "1338833248"
        },
        {
            "package": "symfony/monolog-bundle",
            "version": "dev-master",
            "source-reference": "b7318480e6f8bf5579d6b3cd856850302e7ba8d8",
            "commit-date": "1347283885"
        },
        {
            "package": "symfony/symfony",
            "version": "2.1.x-dev",
            "source-reference": "f23fd03732e115fd15ec675c0ada4cba20a035d1",
            "commit-date": "1347354770"
        },
        {
            "package": "twig/extensions",
            "version": "dev-master",
            "source-reference": "f904575642b1213db69b4a98f08397e722ba1cae",
            "commit-date": "1346770278"
        },
        {
            "package": "twig/twig",
            "version": "dev-master",
            "alias-pretty-version": "1.9.x-dev",
            "alias-version": "1.9.9999999.9999999-dev"
        },
        {
            "package": "twig/twig",
            "version": "dev-master",
            "source-reference": "956a66e6da304ead2aa2632acc01118b360d19d3",
            "commit-date": "1347542132"
        }
    ],
    "packages-dev": null,
    "aliases": [

    ],
    "minimum-stability": "dev",
    "stability-flags": {
        "twig/extensions": 20,
        "symfony/monolog-bundle": 20,
        "jackalope/jackalope-doctrine-dbal": 20,
        "doctrine/doctrine-bundle": 20,
        "doctrine/doctrine-fixtures-bundle": 20,
        "liip/functional-test-bundle": 20,
        "lunetics/locale-bundle": 20,
        "liip/doctrine-cache-bundle": 20
    }
}
